# THIS IS AN AUTOGENERATED FILE. DO NOT EDIT THIS FILE DIRECTLY.
# yarn lockfile v1


"@ampproject/toolbox-core@^2.5.4":
  version "2.5.4"
  resolved "https://registry.yarnpkg.com/@ampproject/toolbox-core/-/toolbox-core-2.5.4.tgz#8554c5398b6d65d240085a6b0abb94f9a3276dce"
  integrity sha512-KjHyR0XpQyloTu59IaatU2NCGT5zOhWJtVXQ4Uj/NUaRriN6LlJlzHBxtXmPIb0YHETdD63ITtDvqZizZPYFag==
  dependencies:
    cross-fetch "3.0.5"
    lru-cache "5.1.1"

"@ampproject/toolbox-optimizer@2.5.14":
  version "2.5.14"
  resolved "https://registry.yarnpkg.com/@ampproject/toolbox-optimizer/-/toolbox-optimizer-2.5.14.tgz#3235919e730e017ec4e54718e76ca5db8bd003e9"
  integrity sha512-UTXKVwDKn/xsNOHYroFUtQRxnukdZuiYj7iM1rCAvRmDT9MqrtMTVG8boGjxt5aHLgCnrUZEMz+8d61iBYZeDQ==
  dependencies:
    "@ampproject/toolbox-core" "^2.5.4"
    "@ampproject/toolbox-runtime-version" "^2.5.4"
    "@ampproject/toolbox-script-csp" "^2.5.4"
    "@ampproject/toolbox-validator-rules" "^2.5.4"
    abort-controller "3.0.0"
    cross-fetch "3.0.5"
    cssnano "4.1.10"
    dom-serializer "1.0.1"
    domhandler "3.0.0"
    domutils "2.1.0"
    htmlparser2 "4.1.0"
    lru-cache "5.1.1"
    node-fetch "2.6.0"
    normalize-html-whitespace "1.0.0"
    postcss "7.0.32"
    postcss-safe-parser "4.0.2"
    terser "4.8.0"

"@ampproject/toolbox-runtime-version@^2.5.4":
  version "2.5.4"
  resolved "https://registry.yarnpkg.com/@ampproject/toolbox-runtime-version/-/toolbox-runtime-version-2.5.4.tgz#ed6e77df3832f551337bca3706b5a4e2f36d66f9"
  integrity sha512-7vi/F91Zb+h1CwR8/on/JxZhp3Hhz6xJOOHxRA025aUFEFHV5c35B4QbTdt2MObWZrysogXFOT8M95dgU/hsKw==
  dependencies:
    "@ampproject/toolbox-core" "^2.5.4"

"@ampproject/toolbox-script-csp@^2.5.4":
  version "2.5.4"
  resolved "https://registry.yarnpkg.com/@ampproject/toolbox-script-csp/-/toolbox-script-csp-2.5.4.tgz#d8b7b91a678ae8f263cb36d9b74e441b7d633aad"
  integrity sha512-+knTYetI5nWllRZ9wFcj7mYxelkiiFVRAAW/hl0ad8EnKHMH82tRlk40CapEnUHhp6Er5sCYkumQ8dngs3Q4zQ==

"@ampproject/toolbox-validator-rules@^2.5.4":
  version "2.5.4"
  resolved "https://registry.yarnpkg.com/@ampproject/toolbox-validator-rules/-/toolbox-validator-rules-2.5.4.tgz#7dee3a3edceefea459d060571db8cc6e7bbf0dd6"
  integrity sha512-bS7uF+h0s5aiklc/iRaujiSsiladOsZBLrJ6QImJDXvubCAQtvE7om7ShlGSXixkMAO0OVMDWyuwLlEy8V1Ing==
  dependencies:
    cross-fetch "3.0.5"

"@babel/code-frame@7.8.3":
  version "7.8.3"
  resolved "https://registry.yarnpkg.com/@babel/code-frame/-/code-frame-7.8.3.tgz#33e25903d7481181534e12ec0a25f16b6fcf419e"
  integrity sha512-a9gxpmdXtZEInkCSHUJDLHZVBgb1QS0jhss4cPP93EW7s+uC5bikET2twEF3KV+7rDblJcmNvTR7VJejqd2C2g==
  dependencies:
    "@babel/highlight" "^7.8.3"

"@babel/code-frame@^7.0.0", "@babel/code-frame@^7.10.4", "@babel/code-frame@^7.5.5":
  version "7.10.4"
  resolved "https://registry.yarnpkg.com/@babel/code-frame/-/code-frame-7.10.4.tgz#168da1a36e90da68ae8d49c0f1b48c7c6249213a"
  integrity sha512-vG6SvB6oYEhvgisZNFRmRCUkLz11c7rp+tbNTynGqc6mS1d5ATd/sGyV6W0KZZnXRKMTzZDRgQT3Ou9jhpAfUg==
  dependencies:
    "@babel/highlight" "^7.10.4"

"@babel/compat-data@^7.10.4", "@babel/compat-data@^7.9.6":
  version "7.11.0"
  resolved "https://registry.yarnpkg.com/@babel/compat-data/-/compat-data-7.11.0.tgz#e9f73efe09af1355b723a7f39b11bad637d7c99c"
  integrity sha512-TPSvJfv73ng0pfnEOh17bYMPQbI95+nGWc71Ss4vZdRBHTDqmM9Z8ZV4rYz8Ks7sfzc95n30k6ODIq5UGnXcYQ==
  dependencies:
    browserslist "^4.12.0"
    invariant "^2.2.4"
    semver "^5.5.0"

"@babel/core@7.7.7":
  version "7.7.7"
  resolved "https://registry.yarnpkg.com/@babel/core/-/core-7.7.7.tgz#ee155d2e12300bcc0cff6a8ad46f2af5063803e9"
  integrity sha512-jlSjuj/7z138NLZALxVgrx13AOtqip42ATZP7+kYl53GvDV6+4dCek1mVUo8z8c8Xnw/mx2q3d9HWh3griuesQ==
  dependencies:
    "@babel/code-frame" "^7.5.5"
    "@babel/generator" "^7.7.7"
    "@babel/helpers" "^7.7.4"
    "@babel/parser" "^7.7.7"
    "@babel/template" "^7.7.4"
    "@babel/traverse" "^7.7.4"
    "@babel/types" "^7.7.4"
    convert-source-map "^1.7.0"
    debug "^4.1.0"
    json5 "^2.1.0"
    lodash "^4.17.13"
    resolve "^1.3.2"
    semver "^5.4.1"
    source-map "^0.5.0"

"@babel/generator@^7.11.0", "@babel/genera